
Microsoft Visual Studio Solution File, Format Version 12.00
# Visual Studio Version 16
VisualStudioVersion = 16.0.31019.35
MinimumVisualStudioVersion = 10.0.40219.1
Project("{FAE04EC0-301F-11D3-BF4B-00C04F79EFBC}") = "QLCF", "QLCF.csproj", "{9ECDE04D-11A2-48D5-9657-DFA2E307954B}"
EndProject
Project("{2150E333-8FDC-42A3-9474-1A3956D46DE8}") = "Solution Items", "Solution Items", "{2B3C167F-8C4F-4D69-8FD7-A2C1B68408E6}"
	ProjectSection(SolutionItems) = preProject
		..\..\AAW6102020.004.LTHSK.BTL.Nhom21.docx = ..\..\AAW6102020.004.LTHSK.BTL.Nhom21.docx
		..\..\QL_QuanCafe_query.sql = ..\..\QL_QuanCafe_query.sql
		..\..\QLCF_DB.bak = ..\..\QLCF_DB.bak
	EndProjectSection
EndProject
Global
	GlobalSection(SolutionConfigurationPlatforms) = preSolution
		Debug|Any CPU = Debug|Any CPU
		Release|Any CPU = Release|Any CPU
	EndGlobalSection
	GlobalSection(ProjectConfigurationPlatforms) = postSolution
		{9ECDE04D-11A2-48D5-9657-DFA2E307954B}.Debug|Any CPU.ActiveCfg = Debug|Any CPU
		{9ECDE04D-11A2-48D5-9657-DFA2E307954B}.Debug|Any CPU.Build.0 = Debug|Any CPU
		{9ECDE04D-11A2-48D5-9657-DFA2E307954B}.Release|Any CPU.ActiveCfg = Release|Any CPU
		{9ECDE04D-11A2-48D5-9657-DFA2E307954B}.Release|Any CPU.Build.0 = Release|Any CPU
	EndGlobalSection
	GlobalSection(SolutionProperties) = preSolution
		HideSolutionNode = FALSE
	EndGlobalSection
	GlobalSection(ExtensibilityGlobals) = postSolution
		SolutionGuid = {1BC6CE7C-1F6B-449E-953F-97B0E4F4C676}
	EndGlobalSection
EndGlobal
